
Microsoft Visual Studio Solution File, Format Version 12.00
# Visual Studio 15
VisualStudioVersion = 15.0.28307.271
MinimumVisualStudioVersion = 10.0.40219.1
Project("{D954291E-2A0B-460D-934E-DC6B0785DB48}") = "TemplateSelectorUno.Shared", "TemplateSelectorUno\TemplateSelectorUno.Shared\TemplateSelectorUno.Shared.shproj", "{6279C845-92F8-4333-AB99-3D213163593C}"
EndProject
Project("{FAE04EC0-301F-11D3-BF4B-00C04F79EFBC}") = "TemplateSelectorUno.Droid", "TemplateSelectorUno\TemplateSelectorUno.Droid\TemplateSelectorUno.Droid.csproj", "{2CF4291E-E73B-4747-8DEC-AA949CD5CD8D}"
EndProject
Project("{FAE04EC0-301F-11D3-BF4B-00C04F79EFBC}") = "TemplateSelectorUno.iOS", "TemplateSelectorUno\TemplateSelectorUno.iOS\TemplateSelectorUno.iOS.csproj", "{BB04CF9B-3458-43F0-806B-50F3AE6FA2AB}"
EndProject
Project("{FAE04EC0-301F-11D3-BF4B-00C04F79EFBC}") = "TemplateSelectorUno.UWP", "TemplateSelectorUno\TemplateSelectorUno.UWP\TemplateSelectorUno.UWP.csproj", "{6427EA4C-AF2F-43CB-97C5-4B1586FF271F}"
EndProject
Project("{9A19103F-16F7-4668-BE54-9A1E7A4F7556}") = "TemplateSelectorUno.Wasm", "TemplateSelectorUno\TemplateSelectorUno.Wasm\TemplateSelectorUno.Wasm.csproj", "{F8364D51-32B8-4D25-8D4C-6BF104FD414B}"
EndProject
Global
	GlobalSection(SharedMSBuildProjectFiles) = preSolution
		TemplateSelectorUno\TemplateSelectorUno.Shared\TemplateSelectorUno.Shared.projitems*{2cf4291e-e73b-4747-8dec-aa949cd5cd8d}*SharedItemsImports = 4
		TemplateSelectorUno\TemplateSelectorUno.Shared\TemplateSelectorUno.Shared.projitems*{6279c845-92f8-4333-ab99-3d213163593c}*SharedItemsImports = 13
		TemplateSelectorUno\TemplateSelectorUno.Shared\TemplateSelectorUno.Shared.projitems*{6427ea4c-af2f-43cb-97c5-4b1586ff271f}*SharedItemsImports = 4
		TemplateSelectorUno\TemplateSelectorUno.Shared\TemplateSelectorUno.Shared.projitems*{bb04cf9b-3458-43f0-806b-50f3ae6fa2ab}*SharedItemsImports = 4
	EndGlobalSection
	GlobalSection(SolutionConfigurationPlatforms) = preSolution
		Ad-Hoc|Any CPU = Ad-Hoc|Any CPU
		Ad-Hoc|ARM = Ad-Hoc|ARM
		Ad-Hoc|iPhone = Ad-Hoc|iPhone
		Ad-Hoc|iPhoneSimulator = Ad-Hoc|iPhoneSimulator
		Ad-Hoc|x64 = Ad-Hoc|x64
		Ad-Hoc|x86 = Ad-Hoc|x86
		AppStore|Any CPU = AppStore|Any CPU
		AppStore|ARM = AppStore|ARM
		AppStore|iPhone = AppStore|iPhone
		AppStore|iPhoneSimulator = AppStore|iPhoneSimulator
		AppStore|x64 = AppStore|x64
		AppStore|x86 = AppStore|x86
		Debug|Any CPU = Debug|Any CPU
		Debug|ARM = Debug|ARM
		Debug|iPhone = Debug|iPhone
		Debug|iPhoneSimulator = Debug|iPhoneSimulator
		Debug|x64 = Debug|x64
		Debug|x86 = Debug|x86
		Release|Any CPU = Release|Any CPU
		Release|ARM = Release|ARM
		Release|iPhone = Release|iPhone
		Release|iPhoneSimulator = Release|iPhoneSimulator
		Release|x64 = Release|x64
		Release|x86 = Release|x86
	EndGlobalSection
	GlobalSection(ProjectConfigurationPlatforms) = postSolution
		{2CF4291E-E73B-4747-8DEC-AA949CD5CD8D}.Ad-Hoc|Any CPU.ActiveCfg = Release|Any CPU
		{2CF4291E-E73B-4747-8DEC-AA949CD5CD8D}.Ad-Hoc|Any CPU.Build.0 = Release|Any CPU
		{2CF4291E-E73B-4747-8DEC-AA949CD5CD8D}.Ad-Hoc|Any CPU.Deploy.0 = Release|Any CPU
		{2CF4291E-E73B-4747-8DEC-AA949CD5CD8D}.Ad-Hoc|ARM.ActiveCfg = Release|Any CPU
		{2CF4291E-E73B-4747-8DEC-AA949CD5CD8D}.Ad-Hoc|ARM.Build.0 = Release|Any CPU
		{2CF4291E-E73B-4747-8DEC-AA949CD5CD8D}.Ad-Hoc|ARM.Deploy.0 = Release|Any CPU
		{2CF4291E-E73B-4747-8DEC-AA949CD5CD8D}.Ad-Hoc|iPhone.ActiveCfg = Release|Any CPU
		{2CF4291E-E73B-4747-8DEC-AA949CD5CD8D}.Ad-Hoc|iPhone.Build.0 = Release|Any CPU
		{2CF4291E-E73B-4747-8DEC-AA949CD5CD8D}.Ad-Hoc|iPhone.Deploy.0 = Release|Any CPU
		{2CF4291E-E73B-4747-8DEC-AA949CD5CD8D}.Ad-Hoc|iPhoneSimulator.ActiveCfg = Release|Any CPU
		{2CF4291E-E73B-4747-8DEC-AA949CD5CD8D}.Ad-Hoc|iPhoneSimulator.Build.0 = Release|Any CPU
		{2CF4291E-E73B-4747-8DEC-AA949CD5CD8D}.Ad-Hoc|iPhoneSimulator.Deploy.0 = Release|Any CPU
		{2CF4291E-E73B-4747-8DEC-AA949CD5CD8D}.Ad-Hoc|x64.ActiveCfg = Release|Any CPU
		{2CF4291E-E73B-4747-8DEC-AA949CD5CD8D}.Ad-Hoc|x64.Build.0 = Release|Any CPU
		{2CF4291E-E73B-4747-8DEC-AA949CD5CD8D}.Ad-Hoc|x64.Deploy.0 = Release|Any CPU
		{2CF4291E-E73B-4747-8DEC-AA949CD5CD8D}.Ad-Hoc|x86.ActiveCfg = Release|Any CPU
		{2CF4291E-E73B-4747-8DEC-AA949CD5CD8D}.Ad-Hoc|x86.Build.0 = Release|Any CPU
		{2CF4291E-E73B-4747-8DEC-AA949CD5CD8D}.Ad-Hoc|x86.Deploy.0 = Release|Any CPU
		{2CF4291E-E73B-4747-8DEC-AA949CD5CD8D}.AppStore|Any CPU.ActiveCfg = Release|Any CPU
		{2CF4291E-E73B-4747-8DEC-AA949CD5CD8D}.AppStore|Any CPU.Build.0 = Release|Any CPU
		{2CF4291E-E73B-4747-8DEC-AA949CD5CD8D}.AppStore|Any CPU.Deploy.0 = Release|Any CPU
		{2CF4291E-E73B-4747-8DEC-AA949CD5CD8D}.AppStore|ARM.ActiveCfg = Release|Any CPU
		{2CF4291E-E73B-4747-8DEC-AA949CD5CD8D}.AppStore|ARM.Build.0 = Release|Any CPU
		{2CF4291E-E73B-4747-8DEC-AA949CD5CD8D}.AppStore|ARM.Deploy.0 = Release|Any CPU
		{2CF4291E-E73B-4747-8DEC-AA949CD5CD8D}.AppStore|iPhone.ActiveCfg = Release|Any CPU
		{2CF4291E-E73B-4747-8DEC-AA949CD5CD8D}.AppStore|iPhone.Build.0 = Release|Any CPU
		{2CF4291E-E73B-4747-8DEC-AA949CD5CD8D}.AppStore|iPhone.Deploy.0 = Release|Any CPU
		{2CF4291E-E73B-4747-8DEC-AA949CD5CD8D}.AppStore|iPhoneSimulator.ActiveCfg = Release|Any CPU
		{2CF4291E-E73B-4747-8DEC-AA949CD5CD8D}.AppStore|iPhoneSimulator.Build.0 = Release|Any CPU
		{2CF4291E-E73B-4747-8DEC-AA949CD5CD8D}.AppStore|iPhoneSimulator.Deploy.0 = Release|Any CPU
		{2CF4291E-E73B-4747-8DEC-AA949CD5CD8D}.AppStore|x64.ActiveCfg = Release|Any CPU
		{2CF4291E-E73B-4747-8DEC-AA949CD5CD8D}.AppStore|x64.Build.0 = Release|Any CPU
		{2CF4291E-E73B-4747-8DEC-AA949CD5CD8D}.AppStore|x64.Deploy.0 = Release|Any CPU
		{2CF4291E-E73B-4747-8DEC-AA949CD5CD8D}.AppStore|x86.ActiveCfg = Release|Any CPU
		{2CF4291E-E73B-4747-8DEC-AA949CD5CD8D}.AppStore|x86.Build.0 = Release|Any CPU
		{2CF4291E-E73B-4747-8DEC-AA949CD5CD8D}.AppStore|x86.Deploy.0 = Release|Any CPU
		{2CF4291E-E73B-4747-8DEC-AA949CD5CD8D}.Debug|Any CPU.ActiveCfg = Debug|Any CPU
		{2CF4291E-E73B-4747-8DEC-AA949CD5CD8D}.Debug|Any CPU.Build.0 = Debug|Any CPU
		{2CF4291E-E73B-4747-8DEC-AA949CD5CD8D}.Debug|Any CPU.Deploy.0 = Debug|Any CPU
		{2CF4291E-E73B-4747-8DEC-AA949CD5CD8D}.Debug|ARM.ActiveCfg = Debug|Any CPU
		{2CF4291E-E73B-4747-8DEC-AA949CD5CD8D}.Debug|ARM.Build.0 = Debug|Any CPU
		{2CF4291E-E73B-4747-8DEC-AA949CD5CD8D}.Debug|ARM.Deploy.0 = Debug|Any CPU
		{2CF4291E-E73B-4747-8DEC-AA949CD5CD8D}.Debug|iPhone.ActiveCfg = Debug|Any CPU
		{2CF4291E-E73B-4747-8DEC-AA949CD5CD8D}.Debug|iPhone.Build.0 = Debug|Any CPU
		{2CF4291E-E73B-4747-8DEC-AA949CD5CD8D}.Debug|iPhone.Deploy.0 = Debug|Any CPU
		{2CF4291E-E73B-4747-8DEC-AA949CD5CD8D}.Debug|iPhoneSimulator.ActiveCfg = Debug|Any CPU
		{2CF4291E-E73B-4747-8DEC-AA949CD5CD8D}.Debug|iPhoneSimulator.Build.0 = Debug|Any CPU
		{2CF4291E-E73B-4747-8DEC-AA949CD5CD8D}.Debug|iPhoneSimulator.Deploy.0 = Debug|Any CPU
		{2CF4291E-E73B-4747-8DEC-AA949CD5CD8D}.Debug|x64.ActiveCfg = Debug|Any CPU
		{2CF4291E-E73B-4747-8DEC-AA949CD5CD8D}.Debug|x64.Build.0 = Debug|Any CPU
		{2CF4291E-E73B-4747-8DEC-AA949CD5CD8D}.Debug|x64.Deploy.0 = Debug|Any CPU
		{2CF4291E-E73B-4747-8DEC-AA949CD5CD8D}.Debug|x86.ActiveCfg = Debug|Any CPU
		{2CF4291E-E73B-4747-8DEC-AA949CD5CD8D}.Debug|x86.Build.0 = Debug|Any CPU
		{2CF4291E-E73B-4747-8DEC-AA949CD5CD8D}.Debug|x86.Deploy.0 = Debug|Any CPU
		{2CF4291E-E73B-4747-8DEC-AA949CD5CD8D}.Release|Any CPU.ActiveCfg = Release|Any CPU
		{2CF4291E-E73B-4747-8DEC-AA949CD5CD8D}.Release|Any CPU.Build.0 = Release|Any CPU
		{2CF4291E-E73B-4747-8DEC-AA949CD5CD8D}.Release|Any CPU.Deploy.0 = Release|Any CPU
		{2CF4291E-E73B-4747-8DEC-AA949CD5CD8D}.Release|ARM.ActiveCfg = Release|Any CPU
		{2CF4291E-E73B-4747-8DEC-AA949CD5CD8D}.Release|ARM.Build.0 = Release|Any CPU
		{2CF4291E-E73B-4747-8DEC-AA949CD5CD8D}.Release|ARM.Deploy.0 = Release|Any CPU
		{2CF4291E-E73B-4747-8DEC-AA949CD5CD8D}.Release|iPhone.ActiveCfg = Release|Any CPU
		{2CF4291E-E73B-4747-8DEC-AA949CD5CD8D}.Release|iPhone.Build.0 = Release|Any CPU
		{2CF4291E-E73B-4747-8DEC-AA949CD5CD8D}.Release|iPhone.Deploy.0 = Release|Any CPU
		{2CF4291E-E73B-4747-8DEC-AA949CD5CD8D}.Release|iPhoneSimulator.ActiveCfg = Release|Any CPU
		{2CF4291E-E73B-4747-8DEC-AA949CD5CD8D}.Release|iPhoneSimulator.Build.0 = Release|Any CPU
		{2CF4291E-E73B-4747-8DEC-AA949CD5CD8D}.Release|iPhoneSimulator.Deploy.0 = Release|Any CPU
		{2CF4291E-E73B-4747-8DEC-AA949CD5CD8D}.Release|x64.ActiveCfg = Release|Any CPU
		{2CF4291E-E73B-4747-8DEC-AA949CD5CD8D}.Release|x64.Build.0 = Release|Any CPU
		{2CF4291E-E73B-4747-8DEC-AA949CD5CD8D}.Release|x64.Deploy.0 = Release|Any CPU
		{2CF4291E-E73B-4747-8DEC-AA949CD5CD8D}.Release|x86.ActiveCfg = Release|Any CPU
		{2CF4291E-E73B-4747-8DEC-AA949CD5CD8D}.Release|x86.Build.0 = Release|Any CPU
		{2CF4291E-E73B-4747-8DEC-AA949CD5CD8D}.Release|x86.Deploy.0 = Release|Any CPU
		{BB04CF9B-3458-43F0-806B-50F3AE6FA2AB}.Ad-Hoc|Any CPU.ActiveCfg = Ad-Hoc|iPhone
		{BB04CF9B-3458-43F0-806B-50F3AE6FA2AB}.Ad-Hoc|ARM.ActiveCfg = Ad-Hoc|iPhone
		{BB04CF9B-3458-43F0-806B-50F3AE6FA2AB}.Ad-Hoc|iPhone.ActiveCfg = Ad-Hoc|iPhone
		{BB04CF9B-3458-43F0-806B-50F3AE6FA2AB}.Ad-Hoc|iPhone.Build.0 = Ad-Hoc|iPhone
		{BB04CF9B-3458-43F0-806B-50F3AE6FA2AB}.Ad-Hoc|iPhoneSimulator.ActiveCfg = Ad-Hoc|iPhoneSimulator
		{BB04CF9B-3458-43F0-806B-50F3AE6FA2AB}.Ad-Hoc|iPhoneSimulator.Build.0 = Ad-Hoc|iPhoneSimulator
		{BB04CF9B-3458-43F0-806B-50F3AE6FA2AB}.Ad-Hoc|x64.ActiveCfg = Ad-Hoc|iPhone
		{BB04CF9B-3458-43F0-806B-50F3AE6FA2AB}.Ad-Hoc|x86.ActiveCfg = Ad-Hoc|iPhone
		{BB04CF9B-3458-43F0-806B-50F3AE6FA2AB}.AppStore|Any CPU.ActiveCfg = AppStore|iPhone
		{BB04CF9B-3458-43F0-806B-50F3AE6FA2AB}.AppStore|ARM.ActiveCfg = AppStore|iPhone
		{BB04CF9B-3458-43F0-806B-50F3AE6FA2AB}.AppStore|iPhone.ActiveCfg = AppStore|iPhone
		{BB04CF9B-3458-43F0-806B-50F3AE6FA2AB}.AppStore|iPhone.Build.0 = AppStore|iPhone
		{BB04CF9B-3458-43F0-806B-50F3AE6FA2AB}.AppStore|iPhoneSimulator.ActiveCfg = AppStore|iPhoneSimulator
		{BB04CF9B-3458-43F0-806B-50F3AE6FA2AB}.AppStore|iPhoneSimulator.Build.0 = AppStore|iPhoneSimulator
		{BB04CF9B-3458-43F0-806B-50F3AE6FA2AB}.AppStore|x64.ActiveCfg = AppStore|iPhone
		{BB04CF9B-3458-43F0-806B-50F3AE6FA2AB}.AppStore|x86.ActiveCfg = AppStore|iPhone
		{BB04CF9B-3458-43F0-806B-50F3AE6FA2AB}.Debug|Any CPU.ActiveCfg = Debug|iPhone
		{BB04CF9B-3458-43F0-806B-50F3AE6FA2AB}.Debug|ARM.ActiveCfg = Debug|iPhone
		{BB04CF9B-3458-43F0-806B-50F3AE6FA2AB}.Debug|iPhone.ActiveCfg = Debug|iPhone
		{BB04CF9B-3458-43F0-806B-50F3AE6FA2AB}.Debug|iPhone.Build.0 = Debug|iPhone
		{BB04CF9B-3458-43F0-806B-50F3AE6FA2AB}.Debug|iPhoneSimulator.ActiveCfg = Debug|iPhoneSimulator
		{BB04CF9B-3458-43F0-806B-50F3AE6FA2AB}.Debug|iPhoneSimulator.Build.0 = Debug|iPhoneSimulator
		{BB04CF9B-3458-43F0-806B-50F3AE6FA2AB}.Debug|x64.ActiveCfg = Debug|iPhone
		{BB04CF9B-3458-43F0-806B-50F3AE6FA2AB}.Debug|x86.ActiveCfg = Debug|iPhone
		{BB04CF9B-3458-43F0-806B-50F3AE6FA2AB}.Release|Any CPU.ActiveCfg = Release|iPhone
		{BB04CF9B-3458-43F0-806B-50F3AE6FA2AB}.Release|ARM.ActiveCfg = Release|iPhone
		{BB04CF9B-3458-43F0-806B-50F3AE6FA2AB}.Release|iPhone.ActiveCfg = Release|iPhone
		{BB04CF9B-3458-43F0-806B-50F3AE6FA2AB}.Release|iPhone.Build.0 = Release|iPhone
		{BB04CF9B-3458-43F0-806B-50F3AE6FA2AB}.Release|iPhoneSimulator.ActiveCfg = Release|iPhoneSimulator
		{BB04CF9B-3458-43F0-806B-50F3AE6FA2AB}.Release|iPhoneSimulator.Build.0 = Release|iPhoneSimulator
		{BB04CF9B-3458-43F0-806B-50F3AE6FA2AB}.Release|x64.ActiveCfg = Release|iPhone
		{BB04CF9B-3458-43F0-806B-50F3AE6FA2AB}.Release|x86.ActiveCfg = Release|iPhone
		{6427EA4C-AF2F-43CB-97C5-4B1586FF271F}.Ad-Hoc|Any CPU.ActiveCfg = Release|x64
		{6427EA4C-AF2F-43CB-97C5-4B1586FF271F}.Ad-Hoc|Any CPU.Build.0 = Release|x64
		{6427EA4C-AF2F-43CB-97C5-4B1586FF271F}.Ad-Hoc|Any CPU.Deploy.0 = Release|x64
		{6427EA4C-AF2F-43CB-97C5-4B1586FF271F}.Ad-Hoc|ARM.ActiveCfg = Release|ARM
		{6427EA4C-AF2F-43CB-97C5-4B1586FF271F}.Ad-Hoc|ARM.Build.0 = Release|ARM
		{6427EA4C-AF2F-43CB-97C5-4B1586FF271F}.Ad-Hoc|ARM.Deploy.0 = Release|ARM
		{6427EA4C-AF2F-43CB-97C5-4B1586FF271F}.Ad-Hoc|iPhone.ActiveCfg = Release|x64
		{6427EA4C-AF2F-43CB-97C5-4B1586FF271F}.Ad-Hoc|iPhone.Build.0 = Release|x64
		{6427EA4C-AF2F-43CB-97C5-4B1586FF271F}.Ad-Hoc|iPhone.Deploy.0 = Release|x64
		{6427EA4C-AF2F-43CB-97C5-4B1586FF271F}.Ad-Hoc|iPhoneSimulator.ActiveCfg = Release|x64
		{6427EA4C-AF2F-43CB-97C5-4B1586FF271F}.Ad-Hoc|iPhoneSimulator.Build.0 = Release|x64
		{6427EA4C-AF2F-43CB-97C5-4B1586FF271F}.Ad-Hoc|iPhoneSimulator.Deploy.0 = Release|x64
		{6427EA4C-AF2F-43CB-97C5-4B1586FF271F}.Ad-Hoc|x64.ActiveCfg = Release|x64
		{6427EA4C-AF2F-43CB-97C5-4B1586FF271F}.Ad-Hoc|x64.Build.0 = Release|x64
		{6427EA4C-AF2F-43CB-97C5-4B1586FF271F}.Ad-Hoc|x64.Deploy.0 = Release|x64
		{6427EA4C-AF2F-43CB-97C5-4B1586FF271F}.Ad-Hoc|x86.ActiveCfg = Release|x86
		{6427EA4C-AF2F-43CB-97C5-4B1586FF271F}.Ad-Hoc|x86.Build.0 = Release|x86
		{6427EA4C-AF2F-43CB-97C5-4B1586FF271F}.Ad-Hoc|x86.Deploy.0 = Release|x86
		{6427EA4C-AF2F-43CB-97C5-4B1586FF271F}.AppStore|Any CPU.ActiveCfg = Release|x64
		{6427EA4C-AF2F-43CB-97C5-4B1586FF271F}.AppStore|Any CPU.Build.0 = Release|x64
		{6427EA4C-AF2F-43CB-97C5-4B1586FF271F}.AppStore|Any CPU.Deploy.0 = Release|x64
		{6427EA4C-AF2F-43CB-97C5-4B1586FF271F}.AppStore|ARM.ActiveCfg = Release|ARM
		{6427EA4C-AF2F-43CB-97C5-4B1586FF271F}.AppStore|ARM.Build.0 = Release|ARM
		{6427EA4C-AF2F-43CB-97C5-4B1586FF271F}.AppStore|ARM.Deploy.0 = Release|ARM
		{6427EA4C-AF2F-43CB-97C5-4B1586FF271F}.AppStore|iPhone.ActiveCfg = Release|x64
		{6427EA4C-AF2F-43CB-97C5-4B1586FF271F}.AppStore|iPhone.Build.0 = Release|x64
		{6427EA4C-AF2F-43CB-97C5-4B1586FF271F}.AppStore|iPhone.Deploy.0 = Release|x64
		{6427EA4C-AF2F-43CB-97C5-4B1586FF271F}.AppStore|iPhoneSimulator.ActiveCfg = Release|x64
		{6427EA4C-AF2F-43CB-97C5-4B1586FF271F}.AppStore|iPhoneSimulator.Build.0 = Release|x64
		{6427EA4C-AF2F-43CB-97C5-4B1586FF271F}.AppStore|iPhoneSimulator.Deploy.0 = Release|x64
		{6427EA4C-AF2F-43CB-97C5-4B1586FF271F}.AppStore|x64.ActiveCfg = Release|x64
		{6427EA4C-AF2F-43CB-97C5-4B1586FF271F}.AppStore|x64.Build.0 = Release|x64
		{6427EA4C-AF2F-43CB-97C5-4B1586FF271F}.AppStore|x64.Deploy.0 = Release|x64
		{6427EA4C-AF2F-43CB-97C5-4B1586FF271F}.AppStore|x86.ActiveCfg = Release|x86
		{6427EA4C-AF2F-43CB-97C5-4B1586FF271F}.AppStore|x86.Build.0 = Release|x86
		{6427EA4C-AF2F-43CB-97C5-4B1586FF271F}.AppStore|x86.Deploy.0 = Release|x86
		{6427EA4C-AF2F-43CB-97C5-4B1586FF271F}.Debug|Any CPU.ActiveCfg = Debug|x86
		{6427EA4C-AF2F-43CB-97C5-4B1586FF271F}.Debug|ARM.ActiveCfg = Debug|ARM
		{6427EA4C-AF2F-43CB-97C5-4B1586FF271F}.Debug|ARM.Build.0 = Debug|ARM
		{6427EA4C-AF2F-43CB-97C5-4B1586FF271F}.Debug|ARM.Deploy.0 = Debug|ARM
		{6427EA4C-AF2F-43CB-97C5-4B1586FF271F}.Debug|iPhone.ActiveCfg = Debug|x86
		{6427EA4C-AF2F-43CB-97C5-4B1586FF271F}.Debug|iPhoneSimulator.ActiveCfg = Debug|x86
		{6427EA4C-AF2F-43CB-97C5-4B1586FF271F}.Debug|x64.ActiveCfg = Debug|x64
		{6427EA4C-AF2F-43CB-97C5-4B1586FF271F}.Debug|x64.Build.0 = Debug|x64
		{6427EA4C-AF2F-43CB-97C5-4B1586FF271F}.Debug|x64.Deploy.0 = Debug|x64
		{6427EA4C-AF2F-43CB-97C5-4B1586FF271F}.Debug|x86.ActiveCfg = Debug|x86
		{6427EA4C-AF2F-43CB-97C5-4B1586FF271F}.Debug|x86.Build.0 = Debug|x86
		{6427EA4C-AF2F-43CB-97C5-4B1586FF271F}.Debug|x86.Deploy.0 = Debug|x86
		{6427EA4C-AF2F-43CB-97C5-4B1586FF271F}.Release|Any CPU.ActiveCfg = Release|x86
		{6427EA4C-AF2F-43CB-97C5-4B1586FF271F}.Release|ARM.ActiveCfg = Release|ARM
		{6427EA4C-AF2F-43CB-97C5-4B1586FF271F}.Release|ARM.Build.0 = Release|ARM
		{6427EA4C-AF2F-43CB-97C5-4B1586FF271F}.Release|ARM.Deploy.0 = Release|ARM
		{6427EA4C-AF2F-43CB-97C5-4B1586FF271F}.Release|iPhone.ActiveCfg = Release|x86
		{6427EA4C-AF2F-43CB-97C5-4B1586FF271F}.Release|iPhoneSimulator.ActiveCfg = Release|x86
		{6427EA4C-AF2F-43CB-97C5-4B1586FF271F}.Release|x64.ActiveCfg = Release|x64
		{6427EA4C-AF2F-43CB-97C5-4B1586FF271F}.Release|x64.Build.0 = Release|x64
		{6427EA4C-AF2F-43CB-97C5-4B1586FF271F}.Release|x64.Deploy.0 = Release|x64
		{6427EA4C-AF2F-43CB-97C5-4B1586FF271F}.Release|x86.ActiveCfg = Release|x86
		{6427EA4C-AF2F-43CB-97C5-4B1586FF271F}.Release|x86.Build.0 = Release|x86
		{6427EA4C-AF2F-43CB-97C5-4B1586FF271F}.Release|x86.Deploy.0 = Release|x86
		{F8364D51-32B8-4D25-8D4C-6BF104FD414B}.Ad-Hoc|Any CPU.ActiveCfg = Debug|Any CPU
		{F8364D51-32B8-4D25-8D4C-6BF104FD414B}.Ad-Hoc|Any CPU.Build.0 = Debug|Any CPU
		{F8364D51-32B8-4D25-8D4C-6BF104FD414B}.Ad-Hoc|ARM.ActiveCfg = Debug|Any CPU
		{F8364D51-32B8-4D25-8D4C-6BF104FD414B}.Ad-Hoc|ARM.Build.0 = Debug|Any CPU
		{F8364D51-32B8-4D25-8D4C-6BF104FD414B}.Ad-Hoc|iPhone.ActiveCfg = Debug|Any CPU
		{F8364D51-32B8-4D25-8D4C-6BF104FD414B}.Ad-Hoc|iPhone.Build.0 = Debug|Any CPU
		{F8364D51-32B8-4D25-8D4C-6BF104FD414B}.Ad-Hoc|iPhoneSimulator.ActiveCfg = Debug|Any CPU
		{F8364D51-32B8-4D25-8D4C-6BF104FD414B}.Ad-Hoc|iPhoneSimulator.Build.0 = Debug|Any CPU
		{F8364D51-32B8-4D25-8D4C-6BF104FD414B}.Ad-Hoc|x64.ActiveCfg = Debug|Any CPU
		{F8364D51-32B8-4D25-8D4C-6BF104FD414B}.Ad-Hoc|x64.Build.0 = Debug|Any CPU
		{F8364D51-32B8-4D25-8D4C-6BF104FD414B}.Ad-Hoc|x86.ActiveCfg = Debug|Any CPU
		{F8364D51-32B8-4D25-8D4C-6BF104FD414B}.Ad-Hoc|x86.Build.0 = Debug|Any CPU
		{F8364D51-32B8-4D25-8D4C-6BF104FD414B}.AppStore|Any CPU.ActiveCfg = Debug|Any CPU
		{F8364D51-32B8-4D25-8D4C-6BF104FD414B}.AppStore|Any CPU.Build.0 = Debug|Any CPU
		{F8364D51-32B8-4D25-8D4C-6BF104FD414B}.AppStore|ARM.ActiveCfg = Debug|Any CPU
		{F8364D51-32B8-4D25-8D4C-6BF104FD414B}.AppStore|ARM.Build.0 = Debug|Any CPU
		{F8364D51-32B8-4D25-8D4C-6BF104FD414B}.AppStore|iPhone.ActiveCfg = Debug|Any CPU
		{F8364D51-32B8-4D25-8D4C-6BF104FD414B}.AppStore|iPhone.Build.0 = Debug|Any CPU
		{F8364D51-32B8-4D25-8D4C-6BF104FD414B}.AppStore|iPhoneSimulator.ActiveCfg = Debug|Any CPU
		{F8364D51-32B8-4D25-8D4C-6BF104FD414B}.AppStore|iPhoneSimulator.Build.0 = Debug|Any CPU
		{F8364D51-32B8-4D25-8D4C-6BF104FD414B}.AppStore|x64.ActiveCfg = Debug|Any CPU
		{F8364D51-32B8-4D25-8D4C-6BF104FD414B}.AppStore|x64.Build.0 = Debug|Any CPU
		{F8364D51-32B8-4D25-8D4C-6BF104FD414B}.AppStore|x86.ActiveCfg = Debug|Any CPU
		{F8364D51-32B8-4D25-8D4C-6BF104FD414B}.AppStore|x86.Build.0 = Debug|Any CPU
		{F8364D51-32B8-4D25-8D4C-6BF104FD414B}.Debug|Any CPU.ActiveCfg = Debug|Any CPU
		{F8364D51-32B8-4D25-8D4C-6BF104FD414B}.Debug|Any CPU.Build.0 = Debug|Any CPU
		{F8364D51-32B8-4D25-8D4C-6BF104FD414B}.Debug|ARM.ActiveCfg = Debug|Any CPU
		{F8364D51-32B8-4D25-8D4C-6BF104FD414B}.Debug|ARM.Build.0 = Debug|Any CPU
		{F8364D51-32B8-4D25-8D4C-6BF104FD414B}.Debug|iPhone.ActiveCfg = Debug|Any CPU
		{F8364D51-32B8-4D25-8D4C-6BF104FD414B}.Debug|iPhone.Build.0 = Debug|Any CPU
		{F8364D51-32B8-4D25-8D4C-6BF104FD414B}.Debug|iPhoneSimulator.ActiveCfg = Debug|Any CPU
		{F8364D51-32B8-4D25-8D4C-6BF104FD414B}.Debug|iPhoneSimulator.Build.0 = Debug|Any CPU
		{F8364D51-32B8-4D25-8D4C-6BF104FD414B}.Debug|x64.ActiveCfg = Debug|Any CPU
		{F8364D51-32B8-4D25-8D4C-6BF104FD414B}.Debug|x64.Build.0 = Debug|Any CPU
		{F8364D51-32B8-4D25-8D4C-6BF104FD414B}.Debug|x86.ActiveCfg = Debug|Any CPU
		{F8364D51-32B8-4D25-8D4C-6BF104FD414B}.Debug|x86.Build.0 = Debug|Any CPU
		{F8364D51-32B8-4D25-8D4C-6BF104FD414B}.Release|Any CPU.ActiveCfg = Release|Any CPU
		{F8364D51-32B8-4D25-8D4C-6BF104FD414B}.Release|Any CPU.Build.0 = Release|Any CPU
		{F8364D51-32B8-4D25-8D4C-6BF104FD414B}.Release|ARM.ActiveCfg = Release|Any CPU
		{F8364D51-32B8-4D25-8D4C-6BF104FD414B}.Release|ARM.Build.0 = Release|Any CPU
		{F8364D51-32B8-4D25-8D4C-6BF104FD414B}.Release|iPhone.ActiveCfg = Release|Any CPU
		{F8364D51-32B8-4D25-8D4C-6BF104FD414B}.Release|iPhone.Build.0 = Release|Any CPU
		{F8364D51-32B8-4D25-8D4C-6BF104FD414B}.Release|iPhoneSimulator.ActiveCfg = Release|Any CPU
		{F8364D51-32B8-4D25-8D4C-6BF104FD414B}.Release|iPhoneSimulator.Build.0 = Release|Any CPU
		{F8364D51-32B8-4D25-8D4C-6BF104FD414B}.Release|x64.ActiveCfg = Release|Any CPU
		{F8364D51-32B8-4D25-8D4C-6BF104FD414B}.Release|x64.Build.0 = Release|Any CPU
		{F8364D51-32B8-4D25-8D4C-6BF104FD414B}.Release|x86.ActiveCfg = Release|Any CPU
		{F8364D51-32B8-4D25-8D4C-6BF104FD414B}.Release|x86.Build.0 = Release|Any CPU
	EndGlobalSection
	GlobalSection(SolutionProperties) = preSolution
		HideSolutionNode = FALSE
	EndGlobalSection
	GlobalSection(ExtensibilityGlobals) = postSolution
		SolutionGuid = {359BDFB8-96F1-4D1D-960A-82A1E4C81C01}
	EndGlobalSection
EndGlobal
